github.com/bitwarden/sdk-go/v2 v2.0.0 h1:7Vf+uOvJe22yrOe2aRg2SFe5iQEP92Res0KzCVDUBfQ=
github.com/bitwarden/sdk-go/v2 v2.0.0/go.mod h1:6Sfb4IdZ9tnggeFj8Ty4MLkWUyC2pNlFUoAZE0Dapfw=
github.com/gofrs/uuid v4.4.0+incompatible h1:3qXRTX8/NbyulANqlc0lchS1gqAVxRgsuW1YrTJupqA=
github.com/gofrs/uuid v4.4.0+incompatible/go.mod h1:b2aQJv3Z4Fp6yNu3cdSllBxTCLRxnplIgP/c0N/04lM=
